
Microsoft Visual Studio Solution File, Format Version 12.00
# Visual Studio Version 17
VisualStudioVersion = 17.3.32922.545
MinimumVisualStudioVersion = 10.0.40219.1
Project("{9A19103F-16F7-4668-BE54-9A1E7A4F7556}") = "DurableUniqueIdGenerator", "DurableUniqueIdGenerator\DurableUniqueIdGenerator.csproj", "{23B26804-A51A-4DB1-899A-CB8388A735E2}"
EndProject
Project("{FAE04EC0-301F-11D3-BF4B-00C04F79EFBC}") = "TestDurableIdGenerator", "TestDurableIdGenerator\TestDurableIdGenerator.csproj", "{BB6D6F33-9E4F-4AFC-B94E-B06B73D0C83E}"
EndProject
Global
	GlobalSection(SolutionConfigurationPlatforms) = preSolution
		Debug|Any CPU = Debug|Any CPU
		Release|Any CPU = Release|Any CPU
	EndGlobalSection
	GlobalSection(ProjectConfigurationPlatforms) = postSolution
		{23B26804-A51A-4DB1-899A-CB8388A735E2}.Debug|Any CPU.ActiveCfg = Debug|Any CPU
		{23B26804-A51A-4DB1-899A-CB8388A735E2}.Debug|Any CPU.Build.0 = Debug|Any CPU
		{23B26804-A51A-4DB1-899A-CB8388A735E2}.Release|Any CPU.ActiveCfg = Release|Any CPU
		{23B26804-A51A-4DB1-899A-CB8388A735E2}.Release|Any CPU.Build.0 = Release|Any CPU
		{BB6D6F33-9E4F-4AFC-B94E-B06B73D0C83E}.Debug|Any CPU.ActiveCfg = Debug|Any CPU
		{BB6D6F33-9E4F-4AFC-B94E-B06B73D0C83E}.Debug|Any CPU.Build.0 = Debug|Any CPU
		{BB6D6F33-9E4F-4AFC-B94E-B06B73D0C83E}.Release|Any CPU.ActiveCfg = Release|Any CPU
		{BB6D6F33-9E4F-4AFC-B94E-B06B73D0C83E}.Release|Any CPU.Build.0 = Release|Any CPU
	EndGlobalSection
	GlobalSection(SolutionProperties) = preSolution
		HideSolutionNode = FALSE
	EndGlobalSection
	GlobalSection(ExtensibilityGlobals) = postSolution
		SolutionGuid = {48773607-E7BE-4506-BC4F-8B3DA2E9E55C}
	EndGlobalSection
EndGlobal
