
Microsoft Visual Studio Solution File, Format Version 12.00
# Visual Studio Version 17
VisualStudioVersion = 17.3.32922.545
MinimumVisualStudioVersion = 10.0.40219.1
Project("{9A19103F-16F7-4668-BE54-9A1E7A4F7556}") = "TestDurableIdGenerator", "TestDurableIdGenerator.csproj", "{098B7E6D-691D-44EF-AB0A-CCB00B8DD688}"
EndProject
Global
	GlobalSection(SolutionConfigurationPlatforms) = preSolution
		Debug|Any CPU = Debug|Any CPU
		Release|Any CPU = Release|Any CPU
	EndGlobalSection
	GlobalSection(ProjectConfigurationPlatforms) = postSolution
		{098B7E6D-691D-44EF-AB0A-CCB00B8DD688}.Debug|Any CPU.ActiveCfg = Debug|Any CPU
		{098B7E6D-691D-44EF-AB0A-CCB00B8DD688}.Debug|Any CPU.Build.0 = Debug|Any CPU
		{098B7E6D-691D-44EF-AB0A-CCB00B8DD688}.Release|Any CPU.ActiveCfg = Release|Any CPU
		{098B7E6D-691D-44EF-AB0A-CCB00B8DD688}.Release|Any CPU.Build.0 = Release|Any CPU
	EndGlobalSection
	GlobalSection(SolutionProperties) = preSolution
		HideSolutionNode = FALSE
	EndGlobalSection
	GlobalSection(ExtensibilityGlobals) = postSolution
		SolutionGuid = {A52AF52A-8C0A-472B-BDAC-D01131DFC9B0}
	EndGlobalSection
EndGlobal
